
Microsoft Visual Studio Solution File, Format Version 12.00
# Visual Studio Version 17
VisualStudioVersion = 17.3.32804.467
MinimumVisualStudioVersion = 10.0.40219.1
Project("{D954291E-2A0B-460D-934E-DC6B0785DB48}") = "Freedom4.Shared", "Freedom4\Freedom4.Shared\Freedom4.Shared.shproj", "{6279C845-92F8-4333-AB99-3D213163593C}"
EndProject
Project("{2150E333-8FDC-42A3-9474-1A3956D46DE8}") = "Platforms", "Platforms", "{10369B60-9548-4433-88B2-7DB9F1BBB1F9}"
EndProject
Project("{FAE04EC0-301F-11D3-BF4B-00C04F79EFBC}") = "Freedom4.Mobile", "Freedom4\Freedom4.Mobile\Freedom4.Mobile.csproj", "{DC1CCF2E-F424-4F26-8C2A-D0BF06F54B6A}"
EndProject
Global
	GlobalSection(SolutionConfigurationPlatforms) = preSolution
		Debug|Any CPU = Debug|Any CPU
		Release|Any CPU = Release|Any CPU
	EndGlobalSection
	GlobalSection(ProjectConfigurationPlatforms) = postSolution
		{DC1CCF2E-F424-4F26-8C2A-D0BF06F54B6A}.Debug|Any CPU.ActiveCfg = Debug|Any CPU
		{DC1CCF2E-F424-4F26-8C2A-D0BF06F54B6A}.Debug|Any CPU.Build.0 = Debug|Any CPU
		{DC1CCF2E-F424-4F26-8C2A-D0BF06F54B6A}.Debug|Any CPU.Deploy.0 = Debug|Any CPU
		{DC1CCF2E-F424-4F26-8C2A-D0BF06F54B6A}.Release|Any CPU.ActiveCfg = Release|Any CPU
		{DC1CCF2E-F424-4F26-8C2A-D0BF06F54B6A}.Release|Any CPU.Build.0 = Release|Any CPU
		{DC1CCF2E-F424-4F26-8C2A-D0BF06F54B6A}.Release|Any CPU.Deploy.0 = Release|Any CPU
	EndGlobalSection
	GlobalSection(SolutionProperties) = preSolution
		HideSolutionNode = FALSE
	EndGlobalSection
	GlobalSection(NestedProjects) = preSolution
		{DC1CCF2E-F424-4F26-8C2A-D0BF06F54B6A} = {10369B60-9548-4433-88B2-7DB9F1BBB1F9}
	EndGlobalSection
	GlobalSection(ExtensibilityGlobals) = postSolution
		SolutionGuid = {45B0FDB3-BC26-4A58-873E-3AB7F4742D9D}
	EndGlobalSection
	GlobalSection(SharedMSBuildProjectFiles) = preSolution
		Freedom4\Freedom4.Shared\Freedom4.Shared.projitems*{6279c845-92f8-4333-ab99-3d213163593c}*SharedItemsImports = 13
		Freedom4\Freedom4.Shared\Freedom4.Shared.projitems*{dc1ccf2e-f424-4f26-8c2a-d0bf06f54b6a}*SharedItemsImports = 5
	EndGlobalSection
EndGlobal
